
Microsoft Visual Studio Solution File, Format Version 12.00
# Visual Studio Version 16
VisualStudioVersion = 25.0.1705.5
MinimumVisualStudioVersion = 10.0.40219.1
Project("{FAE04EC0-301F-11D3-BF4B-00C04F79EFBC}") = "TDDConsoleApp", "TDDConsoleApp\TDDConsoleApp.csproj", "{CA770A52-6419-44CB-8B99-DB927F97AE49}"
EndProject
Project("{FAE04EC0-301F-11D3-BF4B-00C04F79EFBC}") = "TDDTestApp", "TDDTestApp\TDDTestApp.csproj", "{94590870-8F5A-492C-82F3-90D1FF1D78F4}"
EndProject
Global
	GlobalSection(SolutionConfigurationPlatforms) = preSolution
		Debug|Any CPU = Debug|Any CPU
		Release|Any CPU = Release|Any CPU
	EndGlobalSection
	GlobalSection(ProjectConfigurationPlatforms) = postSolution
		{CA770A52-6419-44CB-8B99-DB927F97AE49}.Debug|Any CPU.ActiveCfg = Debug|Any CPU
		{CA770A52-6419-44CB-8B99-DB927F97AE49}.Debug|Any CPU.Build.0 = Debug|Any CPU
		{CA770A52-6419-44CB-8B99-DB927F97AE49}.Release|Any CPU.ActiveCfg = Release|Any CPU
		{CA770A52-6419-44CB-8B99-DB927F97AE49}.Release|Any CPU.Build.0 = Release|Any CPU
		{94590870-8F5A-492C-82F3-90D1FF1D78F4}.Debug|Any CPU.ActiveCfg = Debug|Any CPU
		{94590870-8F5A-492C-82F3-90D1FF1D78F4}.Debug|Any CPU.Build.0 = Debug|Any CPU
		{94590870-8F5A-492C-82F3-90D1FF1D78F4}.Release|Any CPU.ActiveCfg = Release|Any CPU
		{94590870-8F5A-492C-82F3-90D1FF1D78F4}.Release|Any CPU.Build.0 = Release|Any CPU
	EndGlobalSection
	GlobalSection(SolutionProperties) = preSolution
		HideSolutionNode = FALSE
	EndGlobalSection
	GlobalSection(ExtensibilityGlobals) = postSolution
		SolutionGuid = {EC59A945-7C1C-4C3E-9F86-FED94CB70BC0}
	EndGlobalSection
EndGlobal
